
Microsoft Visual Studio Solution File, Format Version 12.00
# Visual Studio Version 16
VisualStudioVersion = 16.0.31129.286
MinimumVisualStudioVersion = 15.0.26124.0
Project("{9A19103F-16F7-4668-BE54-9A1E7A4F7556}") = "NMTest.DataSource", "NMTest.DataSource\NMTest.DataSource.csproj", "{E11DADC4-4EEE-4636-B2BF-B41DFD65C91D}"
EndProject
Project("{9A19103F-16F7-4668-BE54-9A1E7A4F7556}") = "NMTest.Sample", "NMTest.Sample\NMTest.Sample.csproj", "{F9B2A45B-9BD8-4805-BDCD-9483A345BE9C}"
EndProject
Project("{FAE04EC0-301F-11D3-BF4B-00C04F79EFBC}") = "NMTest.Test", "NMTest.Test\NMTest.Test.csproj", "{E016A67C-9785-45FB-9FF6-7BC199F0A9EE}"
EndProject
Global
	GlobalSection(SolutionConfigurationPlatforms) = preSolution
		Debug|Any CPU = Debug|Any CPU
		Release|Any CPU = Release|Any CPU
	EndGlobalSection
	GlobalSection(ProjectConfigurationPlatforms) = postSolution
		{E11DADC4-4EEE-4636-B2BF-B41DFD65C91D}.Debug|Any CPU.ActiveCfg = Debug|Any CPU
		{E11DADC4-4EEE-4636-B2BF-B41DFD65C91D}.Debug|Any CPU.Build.0 = Debug|Any CPU
		{E11DADC4-4EEE-4636-B2BF-B41DFD65C91D}.Release|Any CPU.ActiveCfg = Release|Any CPU
		{E11DADC4-4EEE-4636-B2BF-B41DFD65C91D}.Release|Any CPU.Build.0 = Release|Any CPU
		{F9B2A45B-9BD8-4805-BDCD-9483A345BE9C}.Debug|Any CPU.ActiveCfg = Debug|Any CPU
		{F9B2A45B-9BD8-4805-BDCD-9483A345BE9C}.Debug|Any CPU.Build.0 = Debug|Any CPU
		{F9B2A45B-9BD8-4805-BDCD-9483A345BE9C}.Release|Any CPU.ActiveCfg = Release|Any CPU
		{F9B2A45B-9BD8-4805-BDCD-9483A345BE9C}.Release|Any CPU.Build.0 = Release|Any CPU
		{E016A67C-9785-45FB-9FF6-7BC199F0A9EE}.Debug|Any CPU.ActiveCfg = Debug|Any CPU
		{E016A67C-9785-45FB-9FF6-7BC199F0A9EE}.Debug|Any CPU.Build.0 = Debug|Any CPU
		{E016A67C-9785-45FB-9FF6-7BC199F0A9EE}.Release|Any CPU.ActiveCfg = Release|Any CPU
		{E016A67C-9785-45FB-9FF6-7BC199F0A9EE}.Release|Any CPU.Build.0 = Release|Any CPU
	EndGlobalSection
	GlobalSection(SolutionProperties) = preSolution
		HideSolutionNode = FALSE
	EndGlobalSection
	GlobalSection(ExtensibilityGlobals) = postSolution
		SolutionGuid = {1743CB95-576B-4341-BFC6-297F4690E8E2}
	EndGlobalSection
EndGlobal
